
Microsoft Visual Studio Solution File, Format Version 12.00
# Visual Studio Version 17
VisualStudioVersion = 17.6.33712.159
MinimumVisualStudioVersion = 10.0.40219.1
Project("{FAE04EC0-301F-11D3-BF4B-00C04F79EFBC}") = "Lab9.Android", "Lab9\Lab9.Android\Lab9.Android.csproj", "{726FCDCB-B261-4314-99E7-C81D5B3AA9EE}"
EndProject
Project("{FAE04EC0-301F-11D3-BF4B-00C04F79EFBC}") = "Lab9.iOS", "Lab9\Lab9.iOS\Lab9.iOS.csproj", "{3C76EEE0-3484-4E4C-8E93-17806C5B9204}"
EndProject
Project("{FAE04EC0-301F-11D3-BF4B-00C04F79EFBC}") = "Lab9", "Lab9\Lab9\Lab9.csproj", "{D56215DB-739B-483E-A5E3-C852FD484BBE}"
EndProject
Global
	GlobalSection(SolutionConfigurationPlatforms) = preSolution
		Debug|Any CPU = Debug|Any CPU
		Debug|iPhone = Debug|iPhone
		Debug|iPhoneSimulator = Debug|iPhoneSimulator
		Release|Any CPU = Release|Any CPU
		Release|iPhone = Release|iPhone
		Release|iPhoneSimulator = Release|iPhoneSimulator
	EndGlobalSection
	GlobalSection(ProjectConfigurationPlatforms) = postSolution
		{726FCDCB-B261-4314-99E7-C81D5B3AA9EE}.Debug|Any CPU.ActiveCfg = Debug|Any CPU
		{726FCDCB-B261-4314-99E7-C81D5B3AA9EE}.Debug|Any CPU.Build.0 = Debug|Any CPU
		{726FCDCB-B261-4314-99E7-C81D5B3AA9EE}.Debug|Any CPU.Deploy.0 = Debug|Any CPU
		{726FCDCB-B261-4314-99E7-C81D5B3AA9EE}.Debug|iPhone.ActiveCfg = Debug|Any CPU
		{726FCDCB-B261-4314-99E7-C81D5B3AA9EE}.Debug|iPhone.Build.0 = Debug|Any CPU
		{726FCDCB-B261-4314-99E7-C81D5B3AA9EE}.Debug|iPhone.Deploy.0 = Debug|Any CPU
		{726FCDCB-B261-4314-99E7-C81D5B3AA9EE}.Debug|iPhoneSimulator.ActiveCfg = Debug|Any CPU
		{726FCDCB-B261-4314-99E7-C81D5B3AA9EE}.Debug|iPhoneSimulator.Build.0 = Debug|Any CPU
		{726FCDCB-B261-4314-99E7-C81D5B3AA9EE}.Debug|iPhoneSimulator.Deploy.0 = Debug|Any CPU
		{726FCDCB-B261-4314-99E7-C81D5B3AA9EE}.Release|Any CPU.ActiveCfg = Release|Any CPU
		{726FCDCB-B261-4314-99E7-C81D5B3AA9EE}.Release|Any CPU.Build.0 = Release|Any CPU
		{726FCDCB-B261-4314-99E7-C81D5B3AA9EE}.Release|Any CPU.Deploy.0 = Release|Any CPU
		{726FCDCB-B261-4314-99E7-C81D5B3AA9EE}.Release|iPhone.ActiveCfg = Release|Any CPU
		{726FCDCB-B261-4314-99E7-C81D5B3AA9EE}.Release|iPhone.Build.0 = Release|Any CPU
		{726FCDCB-B261-4314-99E7-C81D5B3AA9EE}.Release|iPhone.Deploy.0 = Release|Any CPU
		{726FCDCB-B261-4314-99E7-C81D5B3AA9EE}.Release|iPhoneSimulator.ActiveCfg = Release|Any CPU
		{726FCDCB-B261-4314-99E7-C81D5B3AA9EE}.Release|iPhoneSimulator.Build.0 = Release|Any CPU
		{726FCDCB-B261-4314-99E7-C81D5B3AA9EE}.Release|iPhoneSimulator.Deploy.0 = Release|Any CPU
		{3C76EEE0-3484-4E4C-8E93-17806C5B9204}.Debug|Any CPU.ActiveCfg = Debug|iPhone
		{3C76EEE0-3484-4E4C-8E93-17806C5B9204}.Debug|Any CPU.Build.0 = Debug|iPhone
		{3C76EEE0-3484-4E4C-8E93-17806C5B9204}.Debug|Any CPU.Deploy.0 = Debug|iPhone
		{3C76EEE0-3484-4E4C-8E93-17806C5B9204}.Debug|iPhone.ActiveCfg = Debug|iPhone
		{3C76EEE0-3484-4E4C-8E93-17806C5B9204}.Debug|iPhone.Build.0 = Debug|iPhone
		{3C76EEE0-3484-4E4C-8E93-17806C5B9204}.Debug|iPhone.Deploy.0 = Debug|iPhone
		{3C76EEE0-3484-4E4C-8E93-17806C5B9204}.Debug|iPhoneSimulator.ActiveCfg = Debug|iPhoneSimulator
		{3C76EEE0-3484-4E4C-8E93-17806C5B9204}.Debug|iPhoneSimulator.Build.0 = Debug|iPhoneSimulator
		{3C76EEE0-3484-4E4C-8E93-17806C5B9204}.Debug|iPhoneSimulator.Deploy.0 = Debug|iPhoneSimulator
		{3C76EEE0-3484-4E4C-8E93-17806C5B9204}.Release|Any CPU.ActiveCfg = Release|iPhoneSimulator
		{3C76EEE0-3484-4E4C-8E93-17806C5B9204}.Release|Any CPU.Build.0 = Release|iPhoneSimulator
		{3C76EEE0-3484-4E4C-8E93-17806C5B9204}.Release|Any CPU.Deploy.0 = Release|iPhoneSimulator
		{3C76EEE0-3484-4E4C-8E93-17806C5B9204}.Release|iPhone.ActiveCfg = Release|iPhone
		{3C76EEE0-3484-4E4C-8E93-17806C5B9204}.Release|iPhone.Build.0 = Release|iPhone
		{3C76EEE0-3484-4E4C-8E93-17806C5B9204}.Release|iPhone.Deploy.0 = Release|iPhone
		{3C76EEE0-3484-4E4C-8E93-17806C5B9204}.Release|iPhoneSimulator.ActiveCfg = Release|iPhoneSimulator
		{3C76EEE0-3484-4E4C-8E93-17806C5B9204}.Release|iPhoneSimulator.Build.0 = Release|iPhoneSimulator
		{3C76EEE0-3484-4E4C-8E93-17806C5B9204}.Release|iPhoneSimulator.Deploy.0 = Release|iPhoneSimulator
		{D56215DB-739B-483E-A5E3-C852FD484BBE}.Debug|Any CPU.ActiveCfg = Debug|Any CPU
		{D56215DB-739B-483E-A5E3-C852FD484BBE}.Debug|Any CPU.Build.0 = Debug|Any CPU
		{D56215DB-739B-483E-A5E3-C852FD484BBE}.Debug|Any CPU.Deploy.0 = Debug|Any CPU
		{D56215DB-739B-483E-A5E3-C852FD484BBE}.Debug|iPhone.ActiveCfg = Debug|Any CPU
		{D56215DB-739B-483E-A5E3-C852FD484BBE}.Debug|iPhone.Build.0 = Debug|Any CPU
		{D56215DB-739B-483E-A5E3-C852FD484BBE}.Debug|iPhone.Deploy.0 = Debug|Any CPU
		{D56215DB-739B-483E-A5E3-C852FD484BBE}.Debug|iPhoneSimulator.ActiveCfg = Debug|Any CPU
		{D56215DB-739B-483E-A5E3-C852FD484BBE}.Debug|iPhoneSimulator.Build.0 = Debug|Any CPU
		{D56215DB-739B-483E-A5E3-C852FD484BBE}.Debug|iPhoneSimulator.Deploy.0 = Debug|Any CPU
		{D56215DB-739B-483E-A5E3-C852FD484BBE}.Release|Any CPU.ActiveCfg = Release|Any CPU
		{D56215DB-739B-483E-A5E3-C852FD484BBE}.Release|Any CPU.Build.0 = Release|Any CPU
		{D56215DB-739B-483E-A5E3-C852FD484BBE}.Release|Any CPU.Deploy.0 = Release|Any CPU
		{D56215DB-739B-483E-A5E3-C852FD484BBE}.Release|iPhone.ActiveCfg = Release|Any CPU
		{D56215DB-739B-483E-A5E3-C852FD484BBE}.Release|iPhone.Build.0 = Release|Any CPU
		{D56215DB-739B-483E-A5E3-C852FD484BBE}.Release|iPhone.Deploy.0 = Release|Any CPU
		{D56215DB-739B-483E-A5E3-C852FD484BBE}.Release|iPhoneSimulator.ActiveCfg = Release|Any CPU
		{D56215DB-739B-483E-A5E3-C852FD484BBE}.Release|iPhoneSimulator.Build.0 = Release|Any CPU
		{D56215DB-739B-483E-A5E3-C852FD484BBE}.Release|iPhoneSimulator.Deploy.0 = Release|Any CPU
	EndGlobalSection
	GlobalSection(SolutionProperties) = preSolution
		HideSolutionNode = FALSE
	EndGlobalSection
	GlobalSection(ExtensibilityGlobals) = postSolution
		SolutionGuid = {2AC3C0CC-9FFF-4851-8728-DF45653B293A}
	EndGlobalSection
EndGlobal
